
Microsoft Visual Studio Solution File, Format Version 12.00
# Visual Studio Version 16
VisualStudioVersion = 16.0.30907.101
MinimumVisualStudioVersion = 10.0.40219.1
Project("{9A19103F-16F7-4668-BE54-9A1E7A4F7556}") = "Backend", "Backend\Backend.csproj", "{EF478516-F0CE-4595-AD77-34AE033152E5}"
EndProject
Project("{2150E333-8FDC-42A3-9474-1A3956D46DE8}") = "Solution items", "Solution items", "{943E7ABC-F863-4CE6-B4D0-5B66A248B48E}"
	ProjectSection(SolutionItems) = preProject
		.gitignore = .gitignore
		NuGet.Config = NuGet.Config
		README.md = README.md
	EndProjectSection
EndProject
Project("{9A19103F-16F7-4668-BE54-9A1E7A4F7556}") = "Models", "Models\Models.csproj", "{3CD3D6B3-5AAB-4A78-A92F-414922D60F13}"
EndProject
Project("{9A19103F-16F7-4668-BE54-9A1E7A4F7556}") = "Seeder", "Seeder\Seeder.csproj", "{700A89C4-B5D9-414E-9440-D5A56EFFBA6A}"
EndProject
Project("{FAE04EC0-301F-11D3-BF4B-00C04F79EFBC}") = "UnitTest", "UnitTest\UnitTest.csproj", "{A77401BE-387F-4E57-A84F-AEFEC9CB8822}"
EndProject
Global
	GlobalSection(SolutionConfigurationPlatforms) = preSolution
		Debug|Any CPU = Debug|Any CPU
		Release|Any CPU = Release|Any CPU
	EndGlobalSection
	GlobalSection(ProjectConfigurationPlatforms) = postSolution
		{EF478516-F0CE-4595-AD77-34AE033152E5}.Debug|Any CPU.ActiveCfg = Debug|Any CPU
		{EF478516-F0CE-4595-AD77-34AE033152E5}.Debug|Any CPU.Build.0 = Debug|Any CPU
		{EF478516-F0CE-4595-AD77-34AE033152E5}.Release|Any CPU.ActiveCfg = Release|Any CPU
		{EF478516-F0CE-4595-AD77-34AE033152E5}.Release|Any CPU.Build.0 = Release|Any CPU
		{3CD3D6B3-5AAB-4A78-A92F-414922D60F13}.Debug|Any CPU.ActiveCfg = Debug|Any CPU
		{3CD3D6B3-5AAB-4A78-A92F-414922D60F13}.Debug|Any CPU.Build.0 = Debug|Any CPU
		{3CD3D6B3-5AAB-4A78-A92F-414922D60F13}.Release|Any CPU.ActiveCfg = Release|Any CPU
		{3CD3D6B3-5AAB-4A78-A92F-414922D60F13}.Release|Any CPU.Build.0 = Release|Any CPU
		{700A89C4-B5D9-414E-9440-D5A56EFFBA6A}.Debug|Any CPU.ActiveCfg = Debug|Any CPU
		{700A89C4-B5D9-414E-9440-D5A56EFFBA6A}.Debug|Any CPU.Build.0 = Debug|Any CPU
		{700A89C4-B5D9-414E-9440-D5A56EFFBA6A}.Release|Any CPU.ActiveCfg = Release|Any CPU
		{700A89C4-B5D9-414E-9440-D5A56EFFBA6A}.Release|Any CPU.Build.0 = Release|Any CPU
		{A77401BE-387F-4E57-A84F-AEFEC9CB8822}.Debug|Any CPU.ActiveCfg = Debug|Any CPU
		{A77401BE-387F-4E57-A84F-AEFEC9CB8822}.Debug|Any CPU.Build.0 = Debug|Any CPU
		{A77401BE-387F-4E57-A84F-AEFEC9CB8822}.Release|Any CPU.ActiveCfg = Release|Any CPU
		{A77401BE-387F-4E57-A84F-AEFEC9CB8822}.Release|Any CPU.Build.0 = Release|Any CPU
	EndGlobalSection
	GlobalSection(SolutionProperties) = preSolution
		HideSolutionNode = FALSE
	EndGlobalSection
	GlobalSection(ExtensibilityGlobals) = postSolution
		SolutionGuid = {C5BB8EF4-1AAA-4CD7-B6AF-459EB34AD9F6}
	EndGlobalSection
EndGlobal
